
Microsoft Visual Studio Solution File, Format Version 12.00
# Visual Studio Version 17
VisualStudioVersion = 17.0.32014.148
MinimumVisualStudioVersion = 10.0.40219.1
Project("{2150E333-8FDC-42A3-9474-1A3956D46DE8}") = "src", "src", "{B118E1AE-76C7-4305-8FE9-A6A2C401EAD1}"
EndProject
Project("{2150E333-8FDC-42A3-9474-1A3956D46DE8}") = "Services", "Services", "{EDCDB860-C083-44A5-B593-EEB944FF73C6}"
EndProject
Project("{2150E333-8FDC-42A3-9474-1A3956D46DE8}") = "Shared", "Shared", "{7D12C503-468A-42A5-B16A-AD1256DE142E}"
EndProject
Project("{2150E333-8FDC-42A3-9474-1A3956D46DE8}") = "Auth", "Auth", "{82F38B47-6AD5-43D6-9A73-5A1E12A13D9E}"
EndProject
Project("{9A19103F-16F7-4668-BE54-9A1E7A4F7556}") = "ANCIA.Authentication", "src\Services\Auth\ANCIA.Authentication\ANCIA.Authentication.csproj", "{34201867-872D-4451-B9A8-71DF812FDF91}"
EndProject
Project("{9A19103F-16F7-4668-BE54-9A1E7A4F7556}") = "ANCIA.Core", "src\Shared\ANCIA.Core\ANCIA.Core.csproj", "{D66D4082-30A1-4DBA-A308-41563F14F7EF}"
EndProject
Project("{9A19103F-16F7-4668-BE54-9A1E7A4F7556}") = "ANCIA.ApiCore", "src\Shared\ANCIA.ApiCore\ANCIA.ApiCore.csproj", "{8032B408-DA89-480F-90B2-F780B507E614}"
EndProject
Project("{2150E333-8FDC-42A3-9474-1A3956D46DE8}") = "tests", "tests", "{13B1914F-A0CA-4140-966D-596C17460C02}"
EndProject
Project("{2150E333-8FDC-42A3-9474-1A3956D46DE8}") = "shared", "shared", "{4EBD53F7-EC38-45BA-BB28-AF48F732967C}"
EndProject
Project("{9A19103F-16F7-4668-BE54-9A1E7A4F7556}") = "ANCIA.CoreTests", "tests\shared\ANCIA.CoreTests\ANCIA.CoreTests.csproj", "{84C4749A-15A9-4BE2-90B1-C1E262E06EEA}"
EndProject
Project("{FAE04EC0-301F-11D3-BF4B-00C04F79EFBC}") = "ANCIA.ApiCoreTests", "tests\shared\ANCIA.ApiCoreTests\ANCIA.ApiCoreTests.csproj", "{A0511070-AD04-47CF-B892-EE431EF21162}"
EndProject
Global
	GlobalSection(SolutionConfigurationPlatforms) = preSolution
		Debug|Any CPU = Debug|Any CPU
		Release|Any CPU = Release|Any CPU
	EndGlobalSection
	GlobalSection(ProjectConfigurationPlatforms) = postSolution
		{34201867-872D-4451-B9A8-71DF812FDF91}.Debug|Any CPU.ActiveCfg = Debug|Any CPU
		{34201867-872D-4451-B9A8-71DF812FDF91}.Debug|Any CPU.Build.0 = Debug|Any CPU
		{34201867-872D-4451-B9A8-71DF812FDF91}.Release|Any CPU.ActiveCfg = Release|Any CPU
		{34201867-872D-4451-B9A8-71DF812FDF91}.Release|Any CPU.Build.0 = Release|Any CPU
		{D66D4082-30A1-4DBA-A308-41563F14F7EF}.Debug|Any CPU.ActiveCfg = Debug|Any CPU
		{D66D4082-30A1-4DBA-A308-41563F14F7EF}.Debug|Any CPU.Build.0 = Debug|Any CPU
		{D66D4082-30A1-4DBA-A308-41563F14F7EF}.Release|Any CPU.ActiveCfg = Release|Any CPU
		{D66D4082-30A1-4DBA-A308-41563F14F7EF}.Release|Any CPU.Build.0 = Release|Any CPU
		{8032B408-DA89-480F-90B2-F780B507E614}.Debug|Any CPU.ActiveCfg = Debug|Any CPU
		{8032B408-DA89-480F-90B2-F780B507E614}.Debug|Any CPU.Build.0 = Debug|Any CPU
		{8032B408-DA89-480F-90B2-F780B507E614}.Release|Any CPU.ActiveCfg = Release|Any CPU
		{8032B408-DA89-480F-90B2-F780B507E614}.Release|Any CPU.Build.0 = Release|Any CPU
		{84C4749A-15A9-4BE2-90B1-C1E262E06EEA}.Debug|Any CPU.ActiveCfg = Debug|Any CPU
		{84C4749A-15A9-4BE2-90B1-C1E262E06EEA}.Debug|Any CPU.Build.0 = Debug|Any CPU
		{84C4749A-15A9-4BE2-90B1-C1E262E06EEA}.Release|Any CPU.ActiveCfg = Release|Any CPU
		{84C4749A-15A9-4BE2-90B1-C1E262E06EEA}.Release|Any CPU.Build.0 = Release|Any CPU
		{A0511070-AD04-47CF-B892-EE431EF21162}.Debug|Any CPU.ActiveCfg = Debug|Any CPU
		{A0511070-AD04-47CF-B892-EE431EF21162}.Debug|Any CPU.Build.0 = Debug|Any CPU
		{A0511070-AD04-47CF-B892-EE431EF21162}.Release|Any CPU.ActiveCfg = Release|Any CPU
		{A0511070-AD04-47CF-B892-EE431EF21162}.Release|Any CPU.Build.0 = Release|Any CPU
	EndGlobalSection
	GlobalSection(SolutionProperties) = preSolution
		HideSolutionNode = FALSE
	EndGlobalSection
	GlobalSection(NestedProjects) = preSolution
		{EDCDB860-C083-44A5-B593-EEB944FF73C6} = {B118E1AE-76C7-4305-8FE9-A6A2C401EAD1}
		{7D12C503-468A-42A5-B16A-AD1256DE142E} = {B118E1AE-76C7-4305-8FE9-A6A2C401EAD1}
		{82F38B47-6AD5-43D6-9A73-5A1E12A13D9E} = {EDCDB860-C083-44A5-B593-EEB944FF73C6}
		{34201867-872D-4451-B9A8-71DF812FDF91} = {82F38B47-6AD5-43D6-9A73-5A1E12A13D9E}
		{D66D4082-30A1-4DBA-A308-41563F14F7EF} = {7D12C503-468A-42A5-B16A-AD1256DE142E}
		{8032B408-DA89-480F-90B2-F780B507E614} = {7D12C503-468A-42A5-B16A-AD1256DE142E}
		{4EBD53F7-EC38-45BA-BB28-AF48F732967C} = {13B1914F-A0CA-4140-966D-596C17460C02}
		{84C4749A-15A9-4BE2-90B1-C1E262E06EEA} = {4EBD53F7-EC38-45BA-BB28-AF48F732967C}
		{A0511070-AD04-47CF-B892-EE431EF21162} = {4EBD53F7-EC38-45BA-BB28-AF48F732967C}
	EndGlobalSection
	GlobalSection(ExtensibilityGlobals) = postSolution
		SolutionGuid = {9D1263EB-AFFD-4AED-982C-BCE1BE1A4C1A}
	EndGlobalSection
EndGlobal
